
Microsoft Visual Studio Solution File, Format Version 12.00
# Visual Studio Version 16
VisualStudioVersion = 16.0.33130.400
MinimumVisualStudioVersion = 10.0.40219.1
Project("{FAE04EC0-301F-11D3-BF4B-00C04F79EFBC}") = "WpfApp2", "WpfApp2.csproj", "{988F9DC7-0FB1-42ED-B41A-F9ED71218BB4}"
EndProject
Global
	GlobalSection(SolutionConfigurationPlatforms) = preSolution
		Debug|Any CPU = Debug|Any CPU
		Release|Any CPU = Release|Any CPU
	EndGlobalSection
	GlobalSection(ProjectConfigurationPlatforms) = postSolution
		{988F9DC7-0FB1-42ED-B41A-F9ED71218BB4}.Debug|Any CPU.ActiveCfg = Debug|Any CPU
		{988F9DC7-0FB1-42ED-B41A-F9ED71218BB4}.Debug|Any CPU.Build.0 = Debug|Any CPU
		{988F9DC7-0FB1-42ED-B41A-F9ED71218BB4}.Release|Any CPU.ActiveCfg = Release|Any CPU
		{988F9DC7-0FB1-42ED-B41A-F9ED71218BB4}.Release|Any CPU.Build.0 = Release|Any CPU
	EndGlobalSection
	GlobalSection(SolutionProperties) = preSolution
		HideSolutionNode = FALSE
	EndGlobalSection
	GlobalSection(ExtensibilityGlobals) = postSolution
		SolutionGuid = {57D55E5B-9ADF-48DC-BC91-F4460A8281FC}
	EndGlobalSection
EndGlobal
