
Microsoft Visual Studio Solution File, Format Version 12.00
# Visual Studio Version 16
VisualStudioVersion = 16.0.33130.400
MinimumVisualStudioVersion = 10.0.40219.1
Project("{FAE04EC0-301F-11D3-BF4B-00C04F79EFBC}") = "WpfApp3", "WpfApp3.csproj", "{4F76085E-6CF9-4B72-9063-A3B761BB32ED}"
EndProject
Global
	GlobalSection(SolutionConfigurationPlatforms) = preSolution
		Debug|Any CPU = Debug|Any CPU
		Release|Any CPU = Release|Any CPU
	EndGlobalSection
	GlobalSection(ProjectConfigurationPlatforms) = postSolution
		{4F76085E-6CF9-4B72-9063-A3B761BB32ED}.Debug|Any CPU.ActiveCfg = Debug|Any CPU
		{4F76085E-6CF9-4B72-9063-A3B761BB32ED}.Debug|Any CPU.Build.0 = Debug|Any CPU
		{4F76085E-6CF9-4B72-9063-A3B761BB32ED}.Release|Any CPU.ActiveCfg = Release|Any CPU
		{4F76085E-6CF9-4B72-9063-A3B761BB32ED}.Release|Any CPU.Build.0 = Release|Any CPU
	EndGlobalSection
	GlobalSection(SolutionProperties) = preSolution
		HideSolutionNode = FALSE
	EndGlobalSection
	GlobalSection(ExtensibilityGlobals) = postSolution
		SolutionGuid = {375C3B38-C522-46D4-BC2F-080E420EC9AF}
	EndGlobalSection
EndGlobal
